
Microsoft Visual Studio Solution File, Format Version 12.00
# Visual Studio Version 17
VisualStudioVersion = 17.14.36518.9
MinimumVisualStudioVersion = 10.0.40219.1
Project("{FAE04EC0-301F-11D3-BF4B-00C04F79EFBC}") = "FundamentosCSharp", "FundamentosCSharp\FundamentosCSharp.csproj", "{001DEC1F-0612-485E-BCB4-3BC9F24BA493}"
EndProject
Project("{FAE04EC0-301F-11D3-BF4B-00C04F79EFBC}") = "SwithStatement", "SwithStatement\SwithStatement.csproj", "{3A0EE680-6EC3-48F9-B81B-279A2E3505ED}"
EndProject
Project("{FAE04EC0-301F-11D3-BF4B-00C04F79EFBC}") = "ExerciseIfSwitchStatement", "ExerciseIfSwitchStatement\ExerciseIfSwitchStatement.csproj", "{1CDBC93B-5AA6-4964-871D-1A589F581C56}"
EndProject
Project("{2150E333-8FDC-42A3-9474-1A3956D46DE8}") = "Loops", "Loops", "{02EA681E-C7D8-13C7-8484-4AC65E1B71E8}"
EndProject
Project("{FAE04EC0-301F-11D3-BF4B-00C04F79EFBC}") = "LoopDoWhile", "LoopDoWhile\LoopDoWhile.csproj", "{A96AADDE-E72C-476B-B4C2-D9CD2821CEA4}"
EndProject
Project("{FAE04EC0-301F-11D3-BF4B-00C04F79EFBC}") = "WhileLoops", "WhileLoops\WhileLoops.csproj", "{F99BC18F-33DF-48B5-8294-CF08E47DB23C}"
EndProject
Project("{FAE04EC0-301F-11D3-BF4B-00C04F79EFBC}") = "ForLoops", "ForLoops\ForLoops.csproj", "{55DA18C8-F207-4472-AD1D-B1819770914E}"
EndProject
Project("{2150E333-8FDC-42A3-9474-1A3956D46DE8}") = "MoreAboutVariables", "MoreAboutVariables", "{A1A92A58-69E5-4CE6-B0CC-D2E1E6455878}"
EndProject
Project("{FAE04EC0-301F-11D3-BF4B-00C04F79EFBC}") = "TypeConversion", "TypeConversion\TypeConversion.csproj", "{3407024A-2EBA-4FD5-916D-8A38ED751ED5}"
EndProject
Project("{FAE04EC0-301F-11D3-BF4B-00C04F79EFBC}") = "Enumerations", "Enumerations\Enumerations.csproj", "{43E9B053-FEE6-45C1-8F62-12A779C06283}"
EndProject
Global
	GlobalSection(SolutionConfigurationPlatforms) = preSolution
		Debug|Any CPU = Debug|Any CPU
		Release|Any CPU = Release|Any CPU
	EndGlobalSection
	GlobalSection(ProjectConfigurationPlatforms) = postSolution
		{001DEC1F-0612-485E-BCB4-3BC9F24BA493}.Debug|Any CPU.ActiveCfg = Debug|Any CPU
		{001DEC1F-0612-485E-BCB4-3BC9F24BA493}.Debug|Any CPU.Build.0 = Debug|Any CPU
		{001DEC1F-0612-485E-BCB4-3BC9F24BA493}.Release|Any CPU.ActiveCfg = Release|Any CPU
		{001DEC1F-0612-485E-BCB4-3BC9F24BA493}.Release|Any CPU.Build.0 = Release|Any CPU
		{3A0EE680-6EC3-48F9-B81B-279A2E3505ED}.Debug|Any CPU.ActiveCfg = Debug|Any CPU
		{3A0EE680-6EC3-48F9-B81B-279A2E3505ED}.Debug|Any CPU.Build.0 = Debug|Any CPU
		{3A0EE680-6EC3-48F9-B81B-279A2E3505ED}.Release|Any CPU.ActiveCfg = Release|Any CPU
		{3A0EE680-6EC3-48F9-B81B-279A2E3505ED}.Release|Any CPU.Build.0 = Release|Any CPU
		{1CDBC93B-5AA6-4964-871D-1A589F581C56}.Debug|Any CPU.ActiveCfg = Debug|Any CPU
		{1CDBC93B-5AA6-4964-871D-1A589F581C56}.Debug|Any CPU.Build.0 = Debug|Any CPU
		{1CDBC93B-5AA6-4964-871D-1A589F581C56}.Release|Any CPU.ActiveCfg = Release|Any CPU
		{1CDBC93B-5AA6-4964-871D-1A589F581C56}.Release|Any CPU.Build.0 = Release|Any CPU
		{A96AADDE-E72C-476B-B4C2-D9CD2821CEA4}.Debug|Any CPU.ActiveCfg = Debug|Any CPU
		{A96AADDE-E72C-476B-B4C2-D9CD2821CEA4}.Debug|Any CPU.Build.0 = Debug|Any CPU
		{A96AADDE-E72C-476B-B4C2-D9CD2821CEA4}.Release|Any CPU.ActiveCfg = Release|Any CPU
		{A96AADDE-E72C-476B-B4C2-D9CD2821CEA4}.Release|Any CPU.Build.0 = Release|Any CPU
		{F99BC18F-33DF-48B5-8294-CF08E47DB23C}.Debug|Any CPU.ActiveCfg = Debug|Any CPU
		{F99BC18F-33DF-48B5-8294-CF08E47DB23C}.Debug|Any CPU.Build.0 = Debug|Any CPU
		{F99BC18F-33DF-48B5-8294-CF08E47DB23C}.Release|Any CPU.ActiveCfg = Release|Any CPU
		{F99BC18F-33DF-48B5-8294-CF08E47DB23C}.Release|Any CPU.Build.0 = Release|Any CPU
		{55DA18C8-F207-4472-AD1D-B1819770914E}.Debug|Any CPU.ActiveCfg = Debug|Any CPU
		{55DA18C8-F207-4472-AD1D-B1819770914E}.Debug|Any CPU.Build.0 = Debug|Any CPU
		{55DA18C8-F207-4472-AD1D-B1819770914E}.Release|Any CPU.ActiveCfg = Release|Any CPU
		{55DA18C8-F207-4472-AD1D-B1819770914E}.Release|Any CPU.Build.0 = Release|Any CPU
		{3407024A-2EBA-4FD5-916D-8A38ED751ED5}.Debug|Any CPU.ActiveCfg = Debug|Any CPU
		{3407024A-2EBA-4FD5-916D-8A38ED751ED5}.Debug|Any CPU.Build.0 = Debug|Any CPU
		{3407024A-2EBA-4FD5-916D-8A38ED751ED5}.Release|Any CPU.ActiveCfg = Release|Any CPU
		{3407024A-2EBA-4FD5-916D-8A38ED751ED5}.Release|Any CPU.Build.0 = Release|Any CPU
		{43E9B053-FEE6-45C1-8F62-12A779C06283}.Debug|Any CPU.ActiveCfg = Debug|Any CPU
		{43E9B053-FEE6-45C1-8F62-12A779C06283}.Debug|Any CPU.Build.0 = Debug|Any CPU
		{43E9B053-FEE6-45C1-8F62-12A779C06283}.Release|Any CPU.ActiveCfg = Release|Any CPU
		{43E9B053-FEE6-45C1-8F62-12A779C06283}.Release|Any CPU.Build.0 = Release|Any CPU
	EndGlobalSection
	GlobalSection(SolutionProperties) = preSolution
		HideSolutionNode = FALSE
	EndGlobalSection
	GlobalSection(NestedProjects) = preSolution
		{A96AADDE-E72C-476B-B4C2-D9CD2821CEA4} = {02EA681E-C7D8-13C7-8484-4AC65E1B71E8}
		{F99BC18F-33DF-48B5-8294-CF08E47DB23C} = {02EA681E-C7D8-13C7-8484-4AC65E1B71E8}
		{55DA18C8-F207-4472-AD1D-B1819770914E} = {02EA681E-C7D8-13C7-8484-4AC65E1B71E8}
		{3407024A-2EBA-4FD5-916D-8A38ED751ED5} = {A1A92A58-69E5-4CE6-B0CC-D2E1E6455878}
		{43E9B053-FEE6-45C1-8F62-12A779C06283} = {A1A92A58-69E5-4CE6-B0CC-D2E1E6455878}
	EndGlobalSection
	GlobalSection(ExtensibilityGlobals) = postSolution
		SolutionGuid = {A56D5B0E-DCCC-4AE2-A4CD-3E8A330A63A0}
	EndGlobalSection
EndGlobal
